{
    "_meta": {
        "hash": {
            "sha256": "e67b4613ad47710b7a618c59b09e86ff96c411423ce596e7d08e5cd4710d0883"
        },
        "pipfile-spec": 6,
        "requires": {
            "python_version": "3.9"
        },
        "sources": [
            {
                "name": "pypi",
                "url": "https://pypi.org/simple",
                "verify_ssl": true
            }
        ]
    },
    "default": {
        "isodate": {
            "hashes": [
                "sha256:0751eece944162659049d35f4f549ed815792b38793f07cf73381c1c87cbed96",
                "sha256:48c5881de7e8b0a0d648cb024c8062dc84e7b840ed81e864c7614fd3c127bde9"
            ],
            "version": "==0.6.1"
        },
        "pyparsing": {
            "hashes": [
                "sha256:7bf433498c016c4314268d95df76c81b842a4cb2b276fa3312cfb1e1d85f6954",
                "sha256:ef7b523f6356f763771559412c0d7134753f037822dad1b16945b7b846f7ad06"
            ],
            "markers": "python_full_version >= '3.6.8'",
            "version": "==3.0.8"
        },
        "rdflib": {
            "hashes": [
                "sha256:8dbfa0af2990b98471dacbc936d6494c997ede92fd8ed693fb84ee700ef6f754",
                "sha256:fc81cef513cd552d471f2926141396b633207109d0154c8e77926222c70367fe"
            ],
            "index": "pypi",
            "version": "==6.1.1"
        },
        "six": {
            "hashes": [
                "sha256:1e61c37477a1626458e36f7b1d82aa5c9b094fa4802892072e49de9c60c4c926",
                "sha256:8abb2f1d86890a2dfb989f9a77cfcfd3e47c2a354b01111771326f8aa26e0254"
            ],
            "markers": "python_version >= '2.7' and python_version not in '3.0, 3.1, 3.2, 3.3'",
            "version": "==1.16.0"
        },
        "wasabi": {
            "hashes": [
                "sha256:217edcb2850993c7931399e7419afccde13539d589e333bc85f9053cf0bb1772",
                "sha256:ada6f13e9b70ef26bf95fad0febdfdebe2005e29a08ad58f4bbae383a97298cf"
            ],
            "index": "pypi",
            "version": "==0.9.1"
        }
    },
    "develop": {}
}
