{
    "_meta": {
        "hash": {
            "sha256": "40f1d6ecb07d30b357e49a0e0582ad5c6521d16d15da6ffe61afdb2285f82a8b"
        },
        "pipfile-spec": 6,
        "requires": {
            "python_version": "3.9"
        },
        "sources": [
            {
                "name": "pypi",
                "url": "https://pypi.org/simple",
                "verify_ssl": true
            }
        ]
    },
    "default": {
        "wasabi": {
            "hashes": [
                "sha256:217edcb2850993c7931399e7419afccde13539d589e333bc85f9053cf0bb1772",
                "sha256:ada6f13e9b70ef26bf95fad0febdfdebe2005e29a08ad58f4bbae383a97298cf"
            ],
            "index": "pypi",
            "version": "==0.9.1"
        }
    },
    "develop": {}
}
